
{
  "name": "ameliorated-chat",
  "version": "0.0.0",
  "lockfileVersion": 2,
  "requires": true,
  "packages": {
    "": {
      "name": "ameliorated-chat",
      "version": "0.0.0",
      "license": "MIT",
      "dependencies": {
        "@angular/animations": "~15.2.0",
        "@angular/cdk": "^15.2.5",
        "@angular/common": "~15.2.0",
        "@angular/compiler": "~15.2.0",
        "@angular/core": "~15.2.0",
        "@angular/forms": "~15.2.0",
        "@angular/platform-browser": "~15.2.0",
        "@angular/platform-browser-dynamic": "~15.2.0",
        "@angular/router": "~15.2.0",
        "@nrwl/angular": "^15.9.2",
        "axios": "^1.3.5",
        "openai": "^3.2.1",
        "reflect-metadata": "^0.1.13",
        "rxjs": "~7.8.0",
        "tslib": "^2.3.0",
        "zone.js": "~0.12.0"
      },
      "devDependencies": {
        "@angular-devkit/build-angular": "~15.2.0",
        "@angular-devkit/core": "~15.2.0",
        "@angular-devkit/schematics": "~15.2.0",
        "@angular-eslint/eslint-plugin": "~15.0.0",
        "@angular-eslint/eslint-plugin-template": "~15.0.0",
        "@angular-eslint/template-parser": "~15.0.0",
        "@angular/cli": "~15.2.0",
        "@angular/compiler-cli": "~15.2.0",
        "@angular/language-service": "~15.2.0",
        "@nrwl/cypress": "15.9.2",
        "@nrwl/eslint-plugin-nx": "15.9.2",
        "@nrwl/jest": "15.9.2",
        "@nrwl/js": "15.9.2",
        "@nrwl/linter": "15.9.2",
        "@nrwl/node": "15.9.2",
        "@nrwl/nx-cloud": "latest",
        "@nrwl/web": "15.9.2",
        "@nrwl/webpack": "15.9.2",
        "@nrwl/workspace": "15.9.2",
        "@schematics/angular": "~15.2.0",
        "@types/jest": "^29.4.0",
        "@types/node": "~18.7.1",
        "@typescript-eslint/eslint-plugin": "^5.36.1",
        "@typescript-eslint/parser": "^5.36.1",
        "autoprefixer": "^10.4.0",
        "cypress": "^12.2.0",
        "eslint": "~8.15.0",
        "eslint-config-prettier": "8.1.0",
        "eslint-plugin-cypress": "^2.10.3",
        "jest": "^29.4.1",
        "jest-environment-jsdom": "^29.4.1",
        "jest-environment-node": "^29.4.1",
        "jest-preset-angular": "~13.0.0",
        "nx": "15.9.2",
        "postcss": "^8.4.5",
        "prettier": "^2.6.2",
        "tailwindcss": "^3.0.2",
        "ts-jest": "^29.0.5",
        "ts-node": "10.9.1",
        "typescript": "~4.9.5"
      }
    },
    "node_modules/@ampproject/remapping": {
      "version": "2.2.0",
      "resolved": "https://registry.npmjs.org/@ampproject/remapping/-/remapping-2.2.0.tgz",
      "integrity": "sha512-qRmjj8nj9qmLTQXXmaR1cck3UXSRMPrbsLJAasZpF+t3riI71BXed5ebIOYwQntykeZuhjsdweEc9BxH5Jc26w==",
      "dependencies": {
        "@jridgewell/gen-mapping": "^0.1.0",
        "@jridgewell/trace-mapping": "^0.3.9"
      },
      "engines": {
        "node": ">=6.0.0"
      }
    },
    "node_modules/@angular-devkit/architect": {
      "version": "0.1502.4",
      "resolved": "https://registry.npmjs.org/@angular-devkit/architect/-/architect-0.1502.4.tgz",
      "integrity": "sha512-bDBcaRMBfXFfK9MpvfNO926F1rL0PEw+mveXxq3/SSql+1XP/hrc5TVGwnoim4g6DqsGmu9upS5DyJ6PnL/hHA==",
      "dependencies": {
        "@angular-devkit/core": "15.2.4",
        "rxjs": "6.6.7"
      },
      "engines": {
        "node": "^14.20.0 || ^16.13.0 || >=18.10.0",
        "npm": "^6.11.0 || ^7.5.6 || >=8.0.0",
        "yarn": ">= 1.13.0"
      }
    },
    "node_modules/@angular-devkit/architect/node_modules/rxjs": {
      "version": "6.6.7",
      "resolved": "https://registry.npmjs.org/rxjs/-/rxjs-6.6.7.tgz",
      "integrity": "sha512-hTdwr+7yYNIT5n4AMYp85KA6yw2Va0FLa3Rguvbpa4W3I5xynaBZo41cM3XM+4Q6fRMj3sBYIR1VAmZMXYJvRQ==",
      "dependencies": {
        "tslib": "^1.9.0"
      },
      "engines": {
        "npm": ">=2.0.0"
      }
    },
    "node_modules/@angular-devkit/architect/node_modules/tslib": {
      "version": "1.14.1",
      "resolved": "https://registry.npmjs.org/tslib/-/tslib-1.14.1.tgz",
      "integrity": "sha512-Xni35NKzjgMrwevysHTCArtLDpPvye8zV/0E4EyYn43P7/7qvQwPh9BGkHewbMulVntbigmcT7rdX3BNo9wRJg=="
    },
    "node_modules/@angular-devkit/build-angular": {
      "version": "15.2.4",
      "resolved": "https://registry.npmjs.org/@angular-devkit/build-angular/-/build-angular-15.2.4.tgz",
      "integrity": "sha512-wt0S4oz0vxuW0/Ak5X0vQ7s7TSPynmktVNJblu9SFRgwCD3kplV2B693F+M6t8eLzSy0UCSbZp9h3Ae8gLEiEw==",
      "dependencies": {
        "@ampproject/remapping": "2.2.0",
        "@angular-devkit/architect": "0.1502.4",
        "@angular-devkit/build-webpack": "0.1502.4",
        "@angular-devkit/core": "15.2.4",
        "@babel/core": "7.20.12",
        "@babel/generator": "7.20.14",
        "@babel/helper-annotate-as-pure": "7.18.6",
        "@babel/helper-split-export-declaration": "7.18.6",
        "@babel/plugin-proposal-async-generator-functions": "7.20.7",
        "@babel/plugin-transform-async-to-generator": "7.20.7",
        "@babel/plugin-transform-runtime": "7.19.6",
        "@babel/preset-env": "7.20.2",
        "@babel/runtime": "7.20.13",
        "@babel/template": "7.20.7",
        "@discoveryjs/json-ext": "0.5.7",
        "@ngtools/webpack": "15.2.4",
        "ansi-colors": "4.1.3",
        "autoprefixer": "10.4.13",
        "babel-loader": "9.1.2",
        "babel-plugin-istanbul": "6.1.1",
        "browserslist": "4.21.5",
        "cacache": "17.0.4",
        "chokidar": "3.5.3",
        "copy-webpack-plugin": "11.0.0",
        "critters": "0.0.16",
        "css-loader": "6.7.3",
        "esbuild-wasm": "0.17.8",
        "glob": "8.1.0",
        "https-proxy-agent": "5.0.1",
        "inquirer": "8.2.4",
        "jsonc-parser": "3.2.0",
        "karma-source-map-support": "1.4.0",
        "less": "4.1.3",
        "less-loader": "11.1.0",
        "license-webpack-plugin": "4.0.2",
        "loader-utils": "3.2.1",
        "magic-string": "0.29.0",
        "mini-css-extract-plugin": "2.7.2",
        "open": "8.4.1",
        "ora": "5.4.1",
        "parse5-html-rewriting-stream": "7.0.0",
        "piscina": "3.2.0",
        "postcss": "8.4.21",
        "postcss-loader": "7.0.2",
        "resolve-url-loader": "5.0.0",
        "rxjs": "6.6.7",
        "sass": "1.58.1",
        "sass-loader": "13.2.0",
        "semver": "7.3.8",
        "source-map-loader": "4.0.1",
        "source-map-support": "0.5.21",
        "terser": "5.16.3",
        "text-table": "0.2.0",
        "tree-kill": "1.2.2",
        "tslib": "2.5.0",
        "webpack": "5.76.1",
        "webpack-dev-middleware": "6.0.1",
        "webpack-dev-server": "4.11.1",
        "webpack-merge": "5.8.0",
        "webpack-subresource-integrity": "5.1.0"
      },
      "engines": {
        "node": "^14.20.0 || ^16.13.0 || >=18.10.0",
        "npm": "^6.11.0 || ^7.5.6 || >=8.0.0",
        "yarn": ">= 1.13.0"
      },
      "optionalDependencies": {
        "esbuild": "0.17.8"
      },
      "peerDependencies": {
        "@angular/compiler-cli": "^15.0.0",
        "@angular/localize": "^15.0.0",
        "@angular/platform-server": "^15.0.0",
        "@angular/service-worker": "^15.0.0",
        "karma": "^6.3.0",
        "ng-packagr": "^15.0.0",
        "protractor": "^7.0.0",
        "tailwindcss": "^2.0.0 || ^3.0.0",
        "typescript": ">=4.8.2 <5.0"
      },
      "peerDependenciesMeta": {
        "@angular/localize": {
          "optional": true
        },
        "@angular/platform-server": {
          "optional": true
        },
        "@angular/service-worker": {
          "optional": true
        },
        "karma": {
          "optional": true
        },
        "ng-packagr": {
          "optional": true
        },
        "protractor": {
          "optional": true
        },
        "tailwindcss": {
          "optional": true
        }
      }
    },
    "node_modules/@angular-devkit/build-angular/node_modules/brace-expansion": {
      "version": "2.0.1",
      "resolved": "https://registry.npmjs.org/brace-expansion/-/brace-expansion-2.0.1.tgz",
      "integrity": "sha512-XnAIvQ8eM+kC6aULx6wuQiwVsnzsi9d3WxzV3FpWTGA19F621kwdbsAcFKXgKUHZWsy+mY6iL1sHTxWEFCytDA==",
      "dependencies": {
        "balanced-match": "^1.0.0"
      }
    },
    "node_modules/@angular-devkit/build-angular/node_modules/glob": {
      "version": "8.1.0",
      "resolved": "https://registry.npmjs.org/glob/-/glob-8.1.0.tgz",
      "integrity": "sha512-r8hpEjiQEYlF2QU0df3dS+nxxSIreXQS1qRhMJM0Q5NDdR386C7jb7Hwwod8Fgiuex+k0GFjgft18yvxm5XoCQ==",
      "dependencies": {
        "fs.realpath": "^1.0.0",
        "inflight": "^1.0.4",
        "inherits": "2",
        "minimatch": "^5.0.1",
        "once": "^1.3.0"
      },
      "engines": {
        "node": ">=12"
      },
      "funding": {
        "url": "https://github.com/sponsors/isaacs"
      }
    },
    "node_modules/@angular-devkit/build-angular/node_modules/minimatch": {
      "version": "5.1.6",
      "resolved": "https://registry.npmjs.org/minimatch/-/minimatch-5.1.6.tgz",
      "integrity": "sha512-lKwV/1brpG6mBUFHtb7NUmtABCb2WZZmm2wNiOA5hAb8VdCS4B3dtMWyvcoViccwAW/COERjXLt0zP1zXUN26g==",
      "dependencies": {
        "brace-expansion": "^2.0.1"
      },
      "engines": {
        "node": ">=10"
      }
    },
    "node_modules/@angular-devkit/build-angular/node_modules/open": {
      "version": "8.4.1",
      "resolved": "https://registry.npmjs.org/open/-/open-8.4.1.tgz",
      "integrity": "sha512-/4b7qZNhv6Uhd7jjnREh1NjnPxlTq+XNWPG88Ydkj5AILcA5m3ajvcg57pB24EQjKv0dK62XnDqk9c/hkIG5Kg==",
      "dependencies": {
        "define-lazy-prop": "^2.0.0",
        "is-docker": "^2.1.1",
        "is-wsl": "^2.2.0"
      },
      "engines": {
        "node": ">=12"
      },
      "funding": {
        "url": "https://github.com/sponsors/sindresorhus"
      }
    },
    "node_modules/@angular-devkit/build-angular/node_modules/rxjs": {
      "version": "6.6.7",
      "resolved": "https://registry.npmjs.org/rxjs/-/rxjs-6.6.7.tgz",
      "integrity": "sha512-hTdwr+7yYNIT5n4AMYp85KA6yw2Va0FLa3Rguvbpa4W3I5xynaBZo41cM3XM+4Q6fRMj3sBYIR1VAmZMXYJvRQ==",
      "dependencies": {
        "tslib": "^1.9.0"
      },
      "engines": {
        "npm": ">=2.0.0"
      }
    },
    "node_modules/@angular-devkit/build-angular/node_modules/rxjs/node_modules/tslib": {
      "version": "1.14.1",
      "resolved": "https://registry.npmjs.org/tslib/-/tslib-1.14.1.tgz",
      "integrity": "sha512-Xni35NKzjgMrwevysHTCArtLDpPvye8zV/0E4EyYn43P7/7qvQwPh9BGkHewbMulVntbigmcT7rdX3BNo9wRJg=="
    },
    "node_modules/@angular-devkit/build-angular/node_modules/semver": {
      "version": "7.3.8",
      "resolved": "https://registry.npmjs.org/semver/-/semver-7.3.8.tgz",
      "integrity": "sha512-NB1ctGL5rlHrPJtFDVIVzTyQylMLu9N9VICA6HSFJo8MCGVTMW6gfpicwKmmK/dAjTOrqu5l63JJOpDSrAis3A==",
      "dependencies": {
        "lru-cache": "^6.0.0"
      },
      "bin": {
        "semver": "bin/semver.js"
      },
      "engines": {
        "node": ">=10"
      }
    },
    "node_modules/@angular-devkit/build-webpack": {
      "version": "0.1502.4",
      "resolved": "https://registry.npmjs.org/@angular-devkit/build-webpack/-/build-webpack-0.1502.4.tgz",
      "integrity": "sha512-Bs/pxcY3517QAVyAalDxJgjc93KWQos+dFdgEQrKxj/VTs1BTYnLbb2M8Y7MoxVnfH4S+qqxGe5B57T+TlB3Eg==",
      "dependencies": {
        "@angular-devkit/architect": "0.1502.4",
        "rxjs": "6.6.7"
      },
      "engines": {
        "node": "^14.20.0 || ^16.13.0 || >=18.10.0",
        "npm": "^6.11.0 || ^7.5.6 || >=8.0.0",
        "yarn": ">= 1.13.0"
      },
      "peerDependencies": {
        "webpack": "^5.30.0",
        "webpack-dev-server": "^4.0.0"
      }
    },
    "node_modules/@angular-devkit/build-webpack/node_modules/rxjs": {
      "version": "6.6.7",
      "resolved": "https://registry.npmjs.org/rxjs/-/rxjs-6.6.7.tgz",
      "integrity": "sha512-hTdwr+7yYNIT5n4AMYp85KA6yw2Va0FLa3Rguvbpa4W3I5xynaBZo41cM3XM+4Q6fRMj3sBYIR1VAmZMXYJvRQ==",
      "dependencies": {
        "tslib": "^1.9.0"
      },
      "engines": {
        "npm": ">=2.0.0"
      }
    },
    "node_modules/@angular-devkit/build-webpack/node_modules/tslib": {
      "version": "1.14.1",
      "resolved": "https://registry.npmjs.org/tslib/-/tslib-1.14.1.tgz",
      "integrity": "sha512-Xni35NKzjgMrwevysHTCArtLDpPvye8zV/0E4EyYn43P7/7qvQwPh9BGkHewbMulVntbigmcT7rdX3BNo9wRJg=="
    },
    "node_modules/@angular-devkit/core": {
      "version": "15.2.4",
      "resolved": "https://registry.npmjs.org/@angular-devkit/core/-/core-15.2.4.tgz",
      "integrity": "sha512-yl+0j1bMwJLKShsyCXw77tbJG8Sd21+itisPLL2MgEpLNAO252kr9zG4TLlFRJyKVftm2l1h78KjqvM5nbOXNg==",
      "dependencies": {
        "ajv": "8.12.0",
        "ajv-formats": "2.1.1",
        "jsonc-parser": "3.2.0",
        "rxjs": "6.6.7",
        "source-map": "0.7.4"
      },
      "engines": {
        "node": "^14.20.0 || ^16.13.0 || >=18.10.0",
        "npm": "^6.11.0 || ^7.5.6 || >=8.0.0",
        "yarn": ">= 1.13.0"
      },
      "peerDependencies": {
        "chokidar": "^3.5.2"
      },
      "peerDependenciesMeta": {
        "chokidar": {
          "optional": true
        }
      }
    },
    "node_modules/@angular-devkit/core/node_modules/rxjs": {
      "version": "6.6.7",
      "resolved": "https://registry.npmjs.org/rxjs/-/rxjs-6.6.7.tgz",
      "integrity": "sha512-hTdwr+7yYNIT5n4AMYp85KA6yw2Va0FLa3Rguvbpa4W3I5xynaBZo41cM3XM+4Q6fRMj3sBYIR1VAmZMXYJvRQ==",
      "dependencies": {
        "tslib": "^1.9.0"
      },
      "engines": {
        "npm": ">=2.0.0"
      }
    },
    "node_modules/@angular-devkit/core/node_modules/tslib": {
      "version": "1.14.1",
      "resolved": "https://registry.npmjs.org/tslib/-/tslib-1.14.1.tgz",
      "integrity": "sha512-Xni35NKzjgMrwevysHTCArtLDpPvye8zV/0E4EyYn43P7/7qvQwPh9BGkHewbMulVntbigmcT7rdX3BNo9wRJg=="
    },
    "node_modules/@angular-devkit/schematics": {
      "version": "15.2.4",
      "resolved": "https://registry.npmjs.org/@angular-devkit/schematics/-/schematics-15.2.4.tgz",
      "integrity": "sha512-/W7/vvn59PAVLzhcvD4/N/E8RDhub8ny1A7I96LTRjC5o+yvVV16YJ4YJzolrRrIEN01KmLVQJ9A58VCaweMgw==",
      "dependencies": {
        "@angular-devkit/core": "15.2.4",
        "jsonc-parser": "3.2.0",
        "magic-string": "0.29.0",
        "ora": "5.4.1",
        "rxjs": "6.6.7"
      },
      "engines": {
        "node": "^14.20.0 || ^16.13.0 || >=18.10.0",
        "npm": "^6.11.0 || ^7.5.6 || >=8.0.0",
        "yarn": ">= 1.13.0"
      }
    },
    "node_modules/@angular-devkit/schematics/node_modules/rxjs": {
      "version": "6.6.7",
      "resolved": "https://registry.npmjs.org/rxjs/-/rxjs-6.6.7.tgz",
      "integrity": "sha512-hTdwr+7yYNIT5n4AMYp85KA6yw2Va0FLa3Rguvbpa4W3I5xynaBZo41cM3XM+4Q6fRMj3sBYIR1VAmZMXYJvRQ==",
      "dependencies": {
        "tslib": "^1.9.0"
      },
      "engines": {
        "npm": ">=2.0.0"
      }
    },
    "node_modules/@angular-devkit/schematics/node_modules/tslib": {
      "version": "1.14.1",
      "resolved": "https://registry.npmjs.org/tslib/-/tslib-1.14.1.tgz",
      "integrity": "sha512-Xni35NKzjgMrwevysHTCArtLDpPvye8zV/0E4EyYn43P7/7qvQwPh9BGkHewbMulVntbigmcT7rdX3BNo9wRJg=="
    },
    "node_modules/@angular-eslint/bundled-angular-compiler": {
      "version": "15.0.0",
      "resolved": "https://registry.npmjs.org/@angular-eslint/bundled-angular-compiler/-/bundled-angular-compiler-15.0.0.tgz",
      "integrity": "sha512-IFJFVCc3t+ujD8J6//RzYrtp7N9wUQhZnRUkd7pI7IpUT1XrQx5uNbDca9OLXM5F+HCHOQPIoaCyg3O/XJcc8Q==",
      "dev": true
    },
    "node_modules/@angular-eslint/eslint-plugin": {
      "version": "15.0.0",
      "resolved": "https://registry.npmjs.org/@angular-eslint/eslint-plugin/-/eslint-plugin-15.0.0.tgz",
      "integrity": "sha512-Yj/GeLQ+bBUgrIQDqa//nHrS9UvxZ1KQhavcK0xruuy29AYf+yolVdEGKvFNlpMoGRXkv2eMmWUkODS495DTYQ==",
      "dev": true,
      "dependencies": {
        "@angular-eslint/utils": "15.0.0",
        "@typescript-eslint/utils": "5.43.0"
      },
      "peerDependencies": {
        "eslint": "^7.20.0 || ^8.0.0",
        "typescript": "*"
      }
    },
    "node_modules/@angular-eslint/eslint-plugin-template": {
      "version": "15.0.0",
      "resolved": "https://registry.npmjs.org/@angular-eslint/eslint-plugin-template/-/eslint-plugin-template-15.0.0.tgz",
      "integrity": "sha512-9i8BFnqhN1/xR1vZaeRUf48DWxgRnJDOXfJtNONkTUUsImXzShJUgFK++/YC6BeNRsZf0wPN/qpstuScwELJKA==",
      "dev": true,
      "dependencies": {
        "@angular-eslint/bundled-angular-compiler": "15.0.0",
        "@angular-eslint/utils": "15.0.0",
        "@typescript-eslint/type-utils": "5.43.0",
        "@typescript-eslint/utils": "5.43.0",
        "aria-query": "5.1.3",
        "axobject-query": "3.1.1"
      },
      "peerDependencies": {
        "eslint": "^7.20.0 || ^8.0.0",
        "typescript": "*"
      }
    },
    "node_modules/@angular-eslint/template-parser": {
      "version": "15.0.0",
      "resolved": "https://registry.npmjs.org/@angular-eslint/template-parser/-/template-parser-15.0.0.tgz",
      "integrity": "sha512-tidZOhQ9ygXPyUwxXzXbEVJUiHRNF0oFu1Pf+hSlOwgjvRqCqVwXfDxEe6NjFEwRXsp0CtDgyseu7E9+ml+m6A==",
      "dev": true,
      "dependencies": {
        "@angular-eslint/bundled-angular-compiler": "15.0.0",
        "eslint-scope": "^7.0.0"
      },
      "peerDependencies": {
        "eslint": "^7.20.0 || ^8.0.0",
        "typescript": "*"
      }
    },
    "node_modules/@angular-eslint/template-parser/node_modules/eslint-scope": {
      "version": "7.1.1",
      "resolved": "https://registry.npmjs.org/eslint-scope/-/eslint-scope-7.1.1.tgz",
      "integrity": "sha512-QKQM/UXpIiHcLqJ5AOyIW7XZmzjkzQXYE54n1++wb0u9V/abW3l9uQnxX8Z5Xd18xyKIMTUAyQ0k1e8pz6LUrw==",
      "dev": true,
      "dependencies": {
        "esrecurse": "^4.3.0",
        "estraverse": "^5.2.0"
      },
      "engines": {
        "node": "^12.22.0 || ^14.17.0 || >=16.0.0"
      }
    },
    "node_modules/@angular-eslint/utils": {
      "version": "15.0.0",
      "resolved": "https://registry.npmjs.org/@angular-eslint/utils/-/utils-15.0.0.tgz",
      "integrity": "sha512-+eI2vNixlxmwAH+vcF81DNtzZ1CJAe6e1yktT5Xmn/FUVWKe4hHQN95Km0H8G0epF8MovCJwmPdhFYwi/X8u3w==",
      "dev": true,
      "dependencies": {
        "@angular-eslint/bundled-angular-compiler": "15.0.0",
        "@typescript-eslint/utils": "5.43.0"
      },
      "peerDependencies": {
        "eslint": "^7.20.0 || ^8.0.0",
        "typescript": "*"
      }
    },
    "node_modules/@angular/animations": {
      "version": "15.2.5",
      "resolved": "https://registry.npmjs.org/@angular/animations/-/animations-15.2.5.tgz",
      "integrity": "sha512-areHbwTrJNEYWe+1xND7SEI8fY7Pi2wckuLtbGonjtoaAc8MPs0ov56TnpXHS7bIXKVszqUlBTBAElQSdtjCyw==",
      "dependencies": {
        "tslib": "^2.3.0"
      },
      "engines": {
        "node": "^14.20.0 || ^16.13.0 || >=18.10.0"
      },
      "peerDependencies": {
        "@angular/core": "15.2.5"
      }
    },
    "node_modules/@angular/cdk": {
      "version": "15.2.5",
      "resolved": "https://registry.npmjs.org/@angular/cdk/-/cdk-15.2.5.tgz",
      "integrity": "sha512-6/vA4xATcx//AULwXnRRH0Of0aaNlfrFxdlhvRVfnfmxi/hZAkjjEtil/wv8uBw+dAwXBx5yZMsAol9nUFS/BQ==",
      "dependencies": {
        "tslib": "^2.3.0"
      },
      "optionalDependencies": {
        "parse5": "^7.1.2"
      },
      "peerDependencies": {
        "@angular/common": "^15.0.0 || ^16.0.0",
        "@angular/core": "^15.0.0 || ^16.0.0",
        "rxjs": "^6.5.3 || ^7.4.0"
      }
    },
    "node_modules/@angular/cdk/node_modules/entities": {
      "version": "4.4.0",
      "resolved": "https://registry.npmjs.org/entities/-/entities-4.4.0.tgz",
      "integrity": "sha512-oYp7156SP8LkeGD0GF85ad1X9Ai79WtRsZ2gxJqtBuzH+98YUV6jkHEKlZkMbcrjJjIVJNIDP/3WL9wQkoPbWA==",
      "optional": true,
      "engines": {
        "node": ">=0.12"
      },
      "funding": {
        "url": "https://github.com/fb55/entities?sponsor=1"
      }
    },
    "node_modules/@angular/cdk/node_modules/parse5": {
      "version": "7.1.2",
      "resolved": "https://registry.npmjs.org/parse5/-/parse5-7.1.2.tgz",
      "integrity": "sha512-Czj1WaSVpaoj0wbhMzLmWD69anp2WH7FXMB9n1Sy8/ZFF9jolSQVMu1Ij5WIyGmcBmhk7EOndpO4mIpihVqAXw==",
      "optional": true,
      "dependencies": {
        "entities": "^4.4.0"
      },
      "funding": {
        "url": "https://github.com/inikulin/parse5?sponsor=1"
      }
    },
    "node_modules/@angular/cli": {
      "version": "15.2.4",
      "resolved": "https://registry.npmjs.org/@angular/cli/-/cli-15.2.4.tgz",
      "integrity": "sha512-nQFnrt9aWwqkyhJMaZvjHXXuxeR1pZNcpZEzTA5nXtpVeNs8U7EBFCyJ+cYecFX0LHe36SoxXcbfnNEKHt3NVQ==",
      "dev": true,
      "dependencies": {
        "@angular-devkit/architect": "0.1502.4",
        "@angular-devkit/core": "15.2.4",
        "@angular-devkit/schematics": "15.2.4",
        "@schematics/angular": "15.2.4",
        "@yarnpkg/lockfile": "1.1.0",
        "ansi-colors": "4.1.3",
        "ini": "3.0.1",
        "inquirer": "8.2.4",
        "jsonc-parser": "3.2.0",
        "npm-package-arg": "10.1.0",
        "npm-pick-manifest": "8.0.1",
        "open": "8.4.1",
        "ora": "5.4.1",
        "pacote": "15.1.0",
        "resolve": "1.22.1",
        "semver": "7.3.8",
        "symbol-observable": "4.0.0",
        "yargs": "17.6.2"
      },
      "bin": {
        "ng": "bin/ng.js"
      },
      "engines": {
        "node": "^14.20.0 || ^16.13.0 || >=18.10.0",
        "npm": "^6.11.0 || ^7.5.6 || >=8.0.0",
        "yarn": ">= 1.13.0"
      }
    },
    "node_modules/@angular/cli/node_modules/cliui": {
      "version": "8.0.1",
      "resolved": "https://registry.npmjs.org/cliui/-/cliui-8.0.1.tgz",
      "integrity": "sha512-BSeNnyus75C4//NQ9gQt1/csTXyo/8Sb+afLAkzAptFuMsod9HFokGNudZpi/oQV73hnVK+sR+5PVRMd+Dr7YQ==",
      "dev": true,
      "dependencies": {
        "string-width": "^4.2.0",
        "strip-ansi": "^6.0.1",
        "wrap-ansi": "^7.0.0"
      },
      "engines": {
        "node": ">=12"
      }
    },
    "node_modules/@angular/cli/node_modules/open": {
      "version": "8.4.1",
      "resolved": "https://registry.npmjs.org/open/-/open-8.4.1.tgz",
      "integrity": "sha512-/4b7qZNhv6Uhd7jjnREh1NjnPxlTq+XNWPG88Ydkj5AILcA5m3ajvcg57pB24EQjKv0dK62XnDqk9c/hkIG5Kg==",
      "dev": true,
      "dependencies": {
        "define-lazy-prop": "^2.0.0",
        "is-docker": "^2.1.1",
        "is-wsl": "^2.2.0"
      },
      "engines": {
        "node": ">=12"
      },
      "funding": {
        "url": "https://github.com/sponsors/sindresorhus"
      }
    },
    "node_modules/@angular/cli/node_modules/semver": {
      "version": "7.3.8",
      "resolved": "https://registry.npmjs.org/semver/-/semver-7.3.8.tgz",
      "integrity": "sha512-NB1ctGL5rlHrPJtFDVIVzTyQylMLu9N9VICA6HSFJo8MCGVTMW6gfpicwKmmK/dAjTOrqu5l63JJOpDSrAis3A==",
      "dev": true,
      "dependencies": {
        "lru-cache": "^6.0.0"
      },
      "bin": {
        "semver": "bin/semver.js"
      },
      "engines": {
        "node": ">=10"
      }
    },
    "node_modules/@angular/cli/node_modules/yargs": {
      "version": "17.6.2",
      "resolved": "https://registry.npmjs.org/yargs/-/yargs-17.6.2.tgz",
      "integrity": "sha512-1/9UrdHjDZc0eOU0HxOHoS78C69UD3JRMvzlJ7S79S2nTaWRA/whGCTV8o9e/N/1Va9YIV7Q4sOxD8VV4pCWOw==",
      "dev": true,
      "dependencies": {
        "cliui": "^8.0.1",
        "escalade": "^3.1.1",
        "get-caller-file": "^2.0.5",
        "require-directory": "^2.1.1",
        "string-width": "^4.2.3",
        "y18n": "^5.0.5",
        "yargs-parser": "^21.1.1"
      },
      "engines": {
        "node": ">=12"
      }
    },
    "node_modules/@angular/common": {
      "version": "15.2.5",
      "resolved": "https://registry.npmjs.org/@angular/common/-/common-15.2.5.tgz",
      "integrity": "sha512-6Wl1ak96NZvnL8p0eVsxHhaddv0/qYq2pQniKaKBfL9MVOQtAe07sPUDEZ6w0ApkmV63Giu4zFakaQMsmvxU0Q==",
      "dependencies": {
        "tslib": "^2.3.0"
      },
      "engines": {
        "node": "^14.20.0 || ^16.13.0 || >=18.10.0"
      },
      "peerDependencies": {
        "@angular/core": "15.2.5",
        "rxjs": "^6.5.3 || ^7.4.0"
      }
    },
    "node_modules/@angular/compiler": {
      "version": "15.2.5",
      "resolved": "https://registry.npmjs.org/@angular/compiler/-/compiler-15.2.5.tgz",
      "integrity": "sha512-0mAFF6Ud4ojsb8qGLQCWYh/LgKKrnn1Fz788LzfYcLYhi7UZPiCFrQJrEcCXBKtQsk8sG335CA9Qk0I/qc35zg==",
      "dependencies": {
        "tslib": "^2.3.0"
      },
      "engines": {
        "node": "^14.20.0 || ^16.13.0 || >=18.10.0"
      },
      "peerDependencies": {
        "@angular/core": "15.2.5"
      },
      "peerDependenciesMeta": {
        "@angular/core": {
          "optional": true
        }
      }
    },
    "node_modules/@angular/compiler-cli": {
      "version": "15.2.5",
      "resolved": "https://registry.npmjs.org/@angular/compiler-cli/-/compiler-cli-15.2.5.tgz",
      "integrity": "sha512-NNrnvL0JMg6dZMuTgBTb/IVIFJwy2my5XTNLngTNBfDCVu0SL1TKrYnpqp2qRi2ip9XdNqCtNF7JFDEklVbK2A==",
      "dependencies": {
        "@babel/core": "7.19.3",
        "@jridgewell/sourcemap-codec": "^1.4.14",
        "chokidar": "^3.0.0",
        "convert-source-map": "^1.5.1",
        "dependency-graph": "^0.11.0",
        "magic-string": "^0.27.0",
        "reflect-metadata": "^0.1.2",
        "semver": "^7.0.0",
        "tslib": "^2.3.0",
        "yargs": "^17.2.1"
      },
      "bin": {
        "ng-xi18n": "bundles/src/bin/ng_xi18n.js",
        "ngc": "bundles/src/bin/ngc.js",
        "ngcc": "bundles/ngcc/main-ngcc.js"
      },
      "engines": {
        "node": "^14.20.0 || ^16.13.0 || >=18.10.0"
      },
      "peerDependencies": {
        "@angular/compiler": "15.2.5",
        "typescript": ">=4.8.2 <5.0"
      }
    },
    "node_modules/@angular/compiler-cli/node_modules/@babel/core": {
      "version": "7.19.3",
      "resolved": "https://registry.npmjs.org/@babel/core/-/core-7.19.3.tgz",
      "integrity": "sha512-WneDJxdsjEvyKtXKsaBGbDeiyOjR5vYq4HcShxnIbG0qixpoHjI3MqeZM9NDvsojNCEBItQE4juOo/bU6e72gQ==",
      "dependencies": {
        "@ampproject/remapping": "^2.1.0",
        "@babel/code-frame": "^7.18.6",
        "@babel/generator": "^7.19.3",
        "@babel/helper-compilation-targets": "^7.19.3",
        "@babel/helper-module-transforms": "^7.19.0",
        "@babel/helpers": "^7.19.0",
        "@babel/parser": "^7.19.3",
        "@babel/template": "^7.18.10",
        "@babel/traverse": "^7.19.3",
        "@babel/types": "^7.19.3",
        "convert-source-map": "^1.7.0",
        "debug": "^4.1.0",
        "gensync": "^1.0.0-beta.2",
        "json5": "^2.2.1",
        "semver": "^6.3.0"
      },
      "engines": {
        "node": ">=6.9.0"
      },
      "funding": {
        "type": "opencollective",
        "url": "https://opencollective.com/babel"
      }
    },
    "node_modules/@angular/compiler-cli/node_modules/@babel/core/node_modules/semver": {
      "version": "6.3.0",
      "resolved": "https://registry.npmjs.org/semver/-/semver-6.3.0.tgz",
      "integrity": "sha512-b39TBaTSfV6yBrapU89p5fKekE2m/NwnDocOVruQFS1/veMgdzuPcnOM34M6CwxW8jH/lxEa5rBoDeUwu5HHTw==",
      "bin": {
        "semver": "bin/semver.js"
      }
    },
    "node_modules/@angular/compiler-cli/node_modules/magic-string": {
      "version": "0.27.0",
      "resolved": "https://registry.npmjs.org/magic-string/-/magic-string-0.27.0.tgz",
      "integrity": "sha512-8UnnX2PeRAPZuN12svgR9j7M1uWMovg/CEnIwIG0LFkXSJJe4PdfUGiTGl8V9bsBHFUtfVINcSyYxd7q+kx9fA==",
      "dependencies": {
        "@jridgewell/sourcemap-codec": "^1.4.13"
      },
      "engines": {
        "node": ">=12"
      }
    },
    "node_modules/@angular/core": {
      "version": "15.2.5",